
Microsoft Visual Studio Solution File, Format Version 12.00
# Visual Studio Version 16
VisualStudioVersion = 16.0.32929.386
MinimumVisualStudioVersion = 10.0.40219.1
Project("{FAE04EC0-301F-11D3-BF4B-00C04F79EFBC}") = "Hexgrid", "Hexgrid.csproj", "{B8AD69D9-7EFB-4AAC-9C66-5104B24ABD14}"
EndProject
Global
	GlobalSection(SolutionConfigurationPlatforms) = preSolution
		Debug|Any CPU = Debug|Any CPU
		Release|Any CPU = Release|Any CPU
	EndGlobalSection
	GlobalSection(ProjectConfigurationPlatforms) = postSolution
		{B8AD69D9-7EFB-4AAC-9C66-5104B24ABD14}.Debug|Any CPU.ActiveCfg = Debug|Any CPU
		{B8AD69D9-7EFB-4AAC-9C66-5104B24ABD14}.Debug|Any CPU.Build.0 = Debug|Any CPU
		{B8AD69D9-7EFB-4AAC-9C66-5104B24ABD14}.Release|Any CPU.ActiveCfg = Release|Any CPU
		{B8AD69D9-7EFB-4AAC-9C66-5104B24ABD14}.Release|Any CPU.Build.0 = Release|Any CPU
	EndGlobalSection
	GlobalSection(SolutionProperties) = preSolution
		HideSolutionNode = FALSE
	EndGlobalSection
	GlobalSection(ExtensibilityGlobals) = postSolution
		SolutionGuid = {45AEA412-0C9D-4D05-96A9-B05D121F2B9D}
	EndGlobalSection
EndGlobal
